Microsoft Visual Studio Solution File, Format Version 8.00
Project("{8BC9CEB8-8B4A-11D0-8D11-00A0C91BC942}") = "UCC", "UCC\ucc.vcproj", "{DC67B7B8-5827-41B6-B7BE-52CC410F72EC}"
	ProjectSection(ProjectDependencies) = postProject
	EndProjectSection
EndProject
Project("{8BC9CEB8-8B4A-11D0-8D11-00A0C91BC942}") = "Mod", "Mod\Mod.vcproj", "{DC67B7B8-5827-41B6-B7BE-52CC410F72EC}"
	ProjectSection(ProjectDependencies) = postProject
	EndProjectSection
EndProject
Project("{8BC9CEB8-8B4A-11D0-8D11-00A0C91BC942}") = "ModMPGame", "ModMPGame\ModMPGame.vcproj", "{DC67B7B8-5827-41B6-B7BE-52CC410F72EC}"
	ProjectSection(ProjectDependencies) = postProject
	EndProjectSection
EndProject
Global
	GlobalSection(SolutionConfiguration) = preSolution
		Release = Release
	EndGlobalSection
	GlobalSection(ProjectConfiguration) = postSolution
		{DC67B7B8-5827-41B6-B7BE-52CC410F72EC}.Release.ActiveCfg = Release|Win32
		{DC67B7B8-5827-41B6-B7BE-52CC410F72EC}.Release.Build.0 = Release|Win32
		{DC67B7B8-5827-41B6-B7BE-52CC410F72EC}.Release.ActiveCfg = Release|Win32
		{DC67B7B8-5827-41B6-B7BE-52CC410F72EC}.Release.Build.0 = Release|Win32
		{DC67B7B8-5827-41B6-B7BE-52CC410F72EC}.Release.ActiveCfg = Release|Win32
		{DC67B7B8-5827-41B6-B7BE-52CC410F72EC}.Release.Build.0 = Release|Win32
	EndGlobalSection
	GlobalSection(ExtensibilityGlobals) = postSolution
	EndGlobalSection
	GlobalSection(ExtensibilityAddIns) = postSolution
	EndGlobalSection
EndGlobal
