Microsoft Visual Studio Solution File, Format Version 8.00
Project("{8BC9CEB8-8B4A-11D0-8D11-00A0C91BC942}") = "UCC", "UCC\ucc.vcproj", "{DC67B7B8-5827-41B6-B7BE-52CC410F72EC}"
	ProjectSection(ProjectDependencies) = postProject
	EndProjectSection
EndProject
Project("{8BC9CEB8-8B4A-11D0-8D11-00A0C91BC942}") = "Mod", "Mod\Mod.vcproj", "{DC67B7B8-5827-41B6-B7BE-52CC410F72EC}"
	ProjectSection(ProjectDependencies) = postProject
		{699E1A25-D4BB-4225-97CE-4B202C100DCF} = {699E1A25-D4BB-4225-97CE-4B202C100DCF}
	EndProjectSection
EndProject
Project("{8BC9CEB8-8B4A-11D0-8D11-00A0C91BC942}") = "ModMPGame", "ModMPGame\ModMPGame.vcproj", "{DC67B7B8-5827-41B6-B7BE-52CC410F72EC}"
	ProjectSection(ProjectDependencies) = postProject
	EndProjectSection
EndProject
Project("{8BC9CEB8-8B4A-11D0-8D11-00A0C91BC942}") = "RunUCC", "RunUCC\RunUCC.vcproj", "{699E1A25-D4BB-4225-97CE-4B202C100DCF}"
	ProjectSection(ProjectDependencies) = postProject
	EndProjectSection
EndProject
Global
	GlobalSection(SolutionConfiguration) = preSolution
		Debug = Debug
		Release = Release
	EndGlobalSection
	GlobalSection(ProjectConfiguration) = postSolution
		{DC67B7B8-5827-41B6-B7BE-52CC410F72EC}.Debug.ActiveCfg = Release|Win32
		{DC67B7B8-5827-41B6-B7BE-52CC410F72EC}.Debug.Build.0 = Release|Win32
		{DC67B7B8-5827-41B6-B7BE-52CC410F72EC}.Release.ActiveCfg = Release|Win32
		{DC67B7B8-5827-41B6-B7BE-52CC410F72EC}.Release.Build.0 = Release|Win32
		{DC67B7B8-5827-41B6-B7BE-52CC410F72EC}.Debug.ActiveCfg = Release|Win32
		{DC67B7B8-5827-41B6-B7BE-52CC410F72EC}.Debug.Build.0 = Release|Win32
		{DC67B7B8-5827-41B6-B7BE-52CC410F72EC}.Release.ActiveCfg = Release|Win32
		{DC67B7B8-5827-41B6-B7BE-52CC410F72EC}.Release.Build.0 = Release|Win32
		{DC67B7B8-5827-41B6-B7BE-52CC410F72EC}.Debug.ActiveCfg = Release|Win32
		{DC67B7B8-5827-41B6-B7BE-52CC410F72EC}.Debug.Build.0 = Release|Win32
		{DC67B7B8-5827-41B6-B7BE-52CC410F72EC}.Release.ActiveCfg = Release|Win32
		{DC67B7B8-5827-41B6-B7BE-52CC410F72EC}.Release.Build.0 = Release|Win32
		{699E1A25-D4BB-4225-97CE-4B202C100DCF}.Debug.ActiveCfg = Debug|Win32
		{699E1A25-D4BB-4225-97CE-4B202C100DCF}.Debug.Build.0 = Debug|Win32
		{699E1A25-D4BB-4225-97CE-4B202C100DCF}.Release.ActiveCfg = Release|Win32
		{699E1A25-D4BB-4225-97CE-4B202C100DCF}.Release.Build.0 = Release|Win32
	EndGlobalSection
	GlobalSection(ExtensibilityGlobals) = postSolution
	EndGlobalSection
	GlobalSection(ExtensibilityAddIns) = postSolution
	EndGlobalSection
EndGlobal
