Microsoft Visual Studio Solution File, Format Version 8.00
Project("{8BC9CEB8-8B4A-11D0-8D11-00A0C91BC942}") = "UCC", "UCC\UCC.vcproj", "{D7878929-5402-468A-811D-1591523609F3}"
	ProjectSection(ProjectDependencies) = postProject
	EndProjectSection
EndProject
Project("{8BC9CEB8-8B4A-11D0-8D11-00A0C91BC942}") = "ModMPGame", "ModMPGame\ModMPGame.vcproj", "{3A82AC95-BDB6-47A5-B768-5EAD0B0B5BCC}"
	ProjectSection(ProjectDependencies) = postProject
	EndProjectSection
EndProject
Project("{8BC9CEB8-8B4A-11D0-8D11-00A0C91BC942}") = "Mod", "Mod\Mod.vcproj", "{D7878929-5402-468A-811D-1591523609F3}"
	ProjectSection(ProjectDependencies) = postProject
	EndProjectSection
EndProject
Project("{8BC9CEB8-8B4A-11D0-8D11-00A0C91BC942}") = "Launcher", "Launcher\Launcher.vcproj", "{D7878929-5402-468A-811D-1591523609F3}"
	ProjectSection(ProjectDependencies) = postProject
	EndProjectSection
EndProject
Project("{8BC9CEB8-8B4A-11D0-8D11-00A0C91BC942}") = "OpenGLDrv", "OpenGLDrv\OpenGLDrv.vcproj", "{D7878929-5402-468A-811D-1591523609F3}"
	ProjectSection(ProjectDependencies) = postProject
	EndProjectSection
EndProject
Global
	GlobalSection(SolutionConfiguration) = preSolution
		Debug = Debug
		Release = Release
	EndGlobalSection
	GlobalSection(ProjectConfiguration) = postSolution
		{D7878929-5402-468A-811D-1591523609F3}.Debug.ActiveCfg = Debug|Win32
		{D7878929-5402-468A-811D-1591523609F3}.Debug.Build.0 = Debug|Win32
		{D7878929-5402-468A-811D-1591523609F3}.Release.ActiveCfg = Release|Win32
		{D7878929-5402-468A-811D-1591523609F3}.Release.Build.0 = Release|Win32
		{3A82AC95-BDB6-47A5-B768-5EAD0B0B5BCC}.Debug.ActiveCfg = Debug|Win32
		{3A82AC95-BDB6-47A5-B768-5EAD0B0B5BCC}.Debug.Build.0 = Debug|Win32
		{3A82AC95-BDB6-47A5-B768-5EAD0B0B5BCC}.Release.ActiveCfg = Release|Win32
		{3A82AC95-BDB6-47A5-B768-5EAD0B0B5BCC}.Release.Build.0 = Release|Win32
		{D7878929-5402-468A-811D-1591523609F3}.Debug.ActiveCfg = Debug|Win32
		{D7878929-5402-468A-811D-1591523609F3}.Debug.Build.0 = Debug|Win32
		{D7878929-5402-468A-811D-1591523609F3}.Release.ActiveCfg = Release|Win32
		{D7878929-5402-468A-811D-1591523609F3}.Release.Build.0 = Release|Win32
		{D7878929-5402-468A-811D-1591523609F3}.Debug.ActiveCfg = Debug|Win32
		{D7878929-5402-468A-811D-1591523609F3}.Debug.Build.0 = Debug|Win32
		{D7878929-5402-468A-811D-1591523609F3}.Release.ActiveCfg = Release|Win32
		{D7878929-5402-468A-811D-1591523609F3}.Release.Build.0 = Release|Win32
		{D7878929-5402-468A-811D-1591523609F3}.Debug.ActiveCfg = Debug|Win32
		{D7878929-5402-468A-811D-1591523609F3}.Debug.Build.0 = Debug|Win32
		{D7878929-5402-468A-811D-1591523609F3}.Release.ActiveCfg = Release|Win32
		{D7878929-5402-468A-811D-1591523609F3}.Release.Build.0 = Release|Win32
	EndGlobalSection
	GlobalSection(ExtensibilityGlobals) = postSolution
	EndGlobalSection
	GlobalSection(ExtensibilityAddIns) = postSolution
	EndGlobalSection
EndGlobal
